{
  "name": "veriko-api-collection",
  "version": "1.0.0",
  "lockfileVersion": 3,
  "requires": true,
  "packages": {
    "": {
      "name": "veriko-api-collection",
      "version": "1.0.0",
      "license": "MIT",
      "devDependencies": {
        "@usebruno/lang": "^0.39.0",
        "prettier": "^3.9.8",
        "yaml": "^2.9.1"
      },
      "engines": {
        "node": ">=18"
      }
    },
    "node_modules/@usebruno/lang": {
      "version": "0.39.0",
      "resolved": "https://registry.npmjs.org/@usebruno/lang/-/lang-0.39.0.tgz",
      "integrity": "sha512-D/TWoJYhXvC4CjI7OsZCm8zVRel7so9BiktMXmdpKbvF2b1bin33aO71hn9K38pypsBicl5Y8CK8RJ0QXo1qBg==",
      "dev": true,
      "license": "MIT",
      "dependencies": {
        "arcsecond": "^5.0.0",
        "dotenv": "^16.3.1",
        "lodash": "4.18.1",
        "ohm-js": "^16.6.0"
      }
    },
    "node_modules/arcsecond": {
      "version": "5.0.0",
      "resolved": "https://registry.npmjs.org/arcsecond/-/arcsecond-5.0.0.tgz",
      "integrity": "sha512-J/fHdyadnsIencRsM6oUSsraCKG+Ni9Udcgr/eusxjTzX3SEQtCUQSpP0YtImFPfIK6DdT1nqwN0ng4FqNmwgA==",
      "dev": true,
      "license": "MIT"
    },
    "node_modules/dotenv": {
      "version": "16.6.1",
      "resolved": "https://registry.npmjs.org/dotenv/-/dotenv-16.6.1.tgz",
      "integrity": "sha512-uBq4egWHTcTt33a72vpSG0z3HnPuIl6NqYcTrKEg2azoEyl2hpW0zqlxysq2pK9HlDIHyHyakeYaYnSAwd8bow==",
      "dev": true,
      "license": "BSD-2-Clause",
      "engines": {
        "node": ">=12"
      },
      "funding": {
        "url": "https://dotenvx.com"
      }
    },
    "node_modules/lodash": {
      "version": "4.18.1",
      "resolved": "https://registry.npmjs.org/lodash/-/lodash-4.18.1.tgz",
      "integrity": "sha512-dMInicTPVE8d1e5otfwmmjlxkZoUpiVLwyeTdUsi/Caj/gfzzblBcCE5sRHV/AsjuCmxWrte2TNGSYuCeCq+0Q==",
      "dev": true,
      "license": "MIT"
    },
    "node_modules/ohm-js": {
      "version": "16.6.0",
      "resolved": "https://registry.npmjs.org/ohm-js/-/ohm-js-16.6.0.tgz",
      "integrity": "sha512-X9P4koSGa7swgVQ0gt71UCYtkAQGOjciJPJAz74kDxWt8nXbH5HrDOQG6qBDH7SR40ktNv4x61BwpTDE9q4lRA==",
      "dev": true,
      "license": "MIT",
      "engines": {
        "node": ">=0.12.1"
      }
    },
    "node_modules/prettier": {
      "version": "3.9.8",
      "resolved": "https://registry.npmjs.org/prettier/-/prettier-3.9.8.tgz",
      "integrity": "sha512-WRFq3Wn3WId7LLROfMLdH7xaFr2jR62wU8nLO6rQUOLOxNZUviyJQs1M0iIhLexSFy+L+w0ch66wtoO2jRjG0A==",
      "dev": true,
      "license": "MIT",
      "bin": {
        "prettier": "bin/prettier.cjs"
      },
      "engines": {
        "node": ">=14"
      },
      "funding": {
        "url": "https://github.com/prettier/prettier?sponsor=1"
      }
    },
    "node_modules/yaml": {
      "version": "2.9.1",
      "resolved": "https://registry.npmjs.org/yaml/-/yaml-2.9.1.tgz",
      "integrity": "sha512-3NxN8+78OdzbT7C/WjGsyfPAtJaN3FNDsWxv7Y7mcDsT/oOmgW8BpyQQFFBnvZE3j9Y2Sdz1ULFLezL7Eb2yFw==",
      "dev": true,
      "license": "ISC",
      "bin": {
        "yaml": "bin.mjs"
      },
      "engines": {
        "node": ">= 14.6"
      },
      "funding": {
        "url": "https://github.com/sponsors/eemeli"
      }
    }
  }
}
